schema: '2.0'
stages:
  mystage:
    cmd: python train.py
    deps:
    - path: data
      md5: 767e77233797a854a3f5ec3cfc55bac2.dir
      size: 52101673
      nfiles: 4
    - path: train.py
      md5: ba6a1e12f8e450417f5807f8e3e158c9
      size: 893
    outs:
    - path: loss.csv
      md5: cdcc5924f54d6c0ad9b75be9afa20572
      size: 586
    - path: metrics.json
      md5: 53ab99f776edf3cdd442758859897a53
      size: 95
