schema: '2.0'
stages:
  mystage:
    cmd: python train.py
    deps:
    - path: data
      md5: a111cf5cd24151785e26aad673774df1.dir
      size: 52100108
      nfiles: 4
    - path: train.py
      md5: ba6a1e12f8e450417f5807f8e3e158c9
      size: 893
    outs:
    - path: loss.csv
      md5: 8a606e34b0c5959aed7c849a5c2f0dbb
      size: 580
    - path: metrics.json
      md5: a4db67057debc70aa21450ebaeb0d72d
      size: 95
